
Microsoft Visual Studio Solution File, Format Version 12.00
# Visual Studio Version 17
VisualStudioVersion = 17.7.34031.279
MinimumVisualStudioVersion = 10.0.40219.1
Project("{FAE04EC0-301F-11D3-BF4B-00C04F79EFBC}") = "youtubedesign", "youtubedesign\youtubedesign.csproj", "{C04FD577-939E-4FF4-9928-BB36A528129F}"
EndProject
Global
	GlobalSection(SolutionConfigurationPlatforms) = preSolution
		Debug|Any CPU = Debug|Any CPU
		Release|Any CPU = Release|Any CPU
	EndGlobalSection
	GlobalSection(ProjectConfigurationPlatforms) = postSolution
		{C04FD577-939E-4FF4-9928-BB36A528129F}.Debug|Any CPU.ActiveCfg = Debug|Any CPU
		{C04FD577-939E-4FF4-9928-BB36A528129F}.Debug|Any CPU.Build.0 = Debug|Any CPU
		{C04FD577-939E-4FF4-9928-BB36A528129F}.Release|Any CPU.ActiveCfg = Release|Any CPU
		{C04FD577-939E-4FF4-9928-BB36A528129F}.Release|Any CPU.Build.0 = Release|Any CPU
	EndGlobalSection
	GlobalSection(SolutionProperties) = preSolution
		HideSolutionNode = FALSE
	EndGlobalSection
	GlobalSection(ExtensibilityGlobals) = postSolution
		SolutionGuid = {8DECAB71-8E99-4D04-8039-32D5E5DF55EA}
	EndGlobalSection
EndGlobal
